<?xml version="1.0" encoding="UTF-8"?>
<CodeBlocks_project_file>
	<FileVersion major="1" minor="6"/>
	<Project>
		<Option title="linked_list"/>
		<Option makefile_is_custom="1"/>
		<Option compiler="gcc"/>
		<Option virtualFolders="CMake Files\;"/>
		<Build>
			<Target title="all">
				<Option working_dir="/Users/derevyanko/univer/algo&amp;DS/linked_list"/>
				<Option type="4"/>
				<MakeCommands>
					<Build command="/usr/bin/make -f &quot;/Users/derevyanko/univer/algo&amp;DS/linked_list/Makefile&quot;  VERBOSE=1 all"/>
					<CompileFile command="/usr/bin/make -f &quot;/Users/derevyanko/univer/algo&amp;DS/linked_list/Makefile&quot;  VERBOSE=1 &quot;$file&quot;"/>
					<Clean command="/usr/bin/make -f &quot;/Users/derevyanko/univer/algo&amp;DS/linked_list/Makefile&quot;  VERBOSE=1 clean"/>
					<DistClean command="/usr/bin/make -f &quot;/Users/derevyanko/univer/algo&amp;DS/linked_list/Makefile&quot;  VERBOSE=1 clean"/>
				</MakeCommands>
			</Target>
			<Target title="rebuild_cache">
				<Option working_dir="/Users/derevyanko/univer/algo&amp;DS/linked_list"/>
				<Option type="4"/>
				<MakeCommands>
					<Build command="/usr/bin/make -f &quot;/Users/derevyanko/univer/algo&amp;DS/linked_list/Makefile&quot;  VERBOSE=1 rebuild_cache"/>
					<CompileFile command="/usr/bin/make -f &quot;/Users/derevyanko/univer/algo&amp;DS/linked_list/Makefile&quot;  VERBOSE=1 &quot;$file&quot;"/>
					<Clean command="/usr/bin/make -f &quot;/Users/derevyanko/univer/algo&amp;DS/linked_list/Makefile&quot;  VERBOSE=1 clean"/>
					<DistClean command="/usr/bin/make -f &quot;/Users/derevyanko/univer/algo&amp;DS/linked_list/Makefile&quot;  VERBOSE=1 clean"/>
				</MakeCommands>
			</Target>
			<Target title="edit_cache">
				<Option working_dir="/Users/derevyanko/univer/algo&amp;DS/linked_list"/>
				<Option type="4"/>
				<MakeCommands>
					<Build command="/usr/bin/make -f &quot;/Users/derevyanko/univer/algo&amp;DS/linked_list/Makefile&quot;  VERBOSE=1 edit_cache"/>
					<CompileFile command="/usr/bin/make -f &quot;/Users/derevyanko/univer/algo&amp;DS/linked_list/Makefile&quot;  VERBOSE=1 &quot;$file&quot;"/>
					<Clean command="/usr/bin/make -f &quot;/Users/derevyanko/univer/algo&amp;DS/linked_list/Makefile&quot;  VERBOSE=1 clean"/>
					<DistClean command="/usr/bin/make -f &quot;/Users/derevyanko/univer/algo&amp;DS/linked_list/Makefile&quot;  VERBOSE=1 clean"/>
				</MakeCommands>
			</Target>
			<Target title="DisciplinesPlaceList.h">
				<Option output="/Users/derevyanko/univer/algo&amp;DS/linked_list/DisciplinesPlaceList.h" prefix_auto="0" extension_auto="0"/>
				<Option working_dir="/Users/derevyanko/univer/algo&amp;DS/linked_list"/>
				<Option object_output="./"/>
				<Option type="1"/>
				<Option compiler="gcc"/>
				<Compiler>
					<Add directory="/Users/derevyanko/univer/algo&amp;DS/linked_list/linked_list"/>
				</Compiler>
				<MakeCommands>
					<Build command="/usr/bin/make -f &quot;/Users/derevyanko/univer/algo&amp;DS/linked_list/Makefile&quot;  VERBOSE=1 DisciplinesPlaceList.h"/>
					<CompileFile command="/usr/bin/make -f &quot;/Users/derevyanko/univer/algo&amp;DS/linked_list/Makefile&quot;  VERBOSE=1 &quot;$file&quot;"/>
					<Clean command="/usr/bin/make -f &quot;/Users/derevyanko/univer/algo&amp;DS/linked_list/Makefile&quot;  VERBOSE=1 clean"/>
					<DistClean command="/usr/bin/make -f &quot;/Users/derevyanko/univer/algo&amp;DS/linked_list/Makefile&quot;  VERBOSE=1 clean"/>
				</MakeCommands>
			</Target>
			<Target title="DisciplinesPlaceList.h/fast">
				<Option output="/Users/derevyanko/univer/algo&amp;DS/linked_list/DisciplinesPlaceList.h" prefix_auto="0" extension_auto="0"/>
				<Option working_dir="/Users/derevyanko/univer/algo&amp;DS/linked_list"/>
				<Option object_output="./"/>
				<Option type="1"/>
				<Option compiler="gcc"/>
				<Compiler>
					<Add directory="/Users/derevyanko/univer/algo&amp;DS/linked_list/linked_list"/>
				</Compiler>
				<MakeCommands>
					<Build command="/usr/bin/make -f &quot;/Users/derevyanko/univer/algo&amp;DS/linked_list/Makefile&quot;  VERBOSE=1 DisciplinesPlaceList.h/fast"/>
					<CompileFile command="/usr/bin/make -f &quot;/Users/derevyanko/univer/algo&amp;DS/linked_list/Makefile&quot;  VERBOSE=1 &quot;$file&quot;"/>
					<Clean command="/usr/bin/make -f &quot;/Users/derevyanko/univer/algo&amp;DS/linked_list/Makefile&quot;  VERBOSE=1 clean"/>
					<DistClean command="/usr/bin/make -f &quot;/Users/derevyanko/univer/algo&amp;DS/linked_list/Makefile&quot;  VERBOSE=1 clean"/>
				</MakeCommands>
			</Target>
		</Build>
		<Unit filename="/Users/derevyanko/univer/algo&amp;DS/linked_list/SportDisciplinesInfoList.h">
			<Option target="DisciplinesPlaceList.h"/>
		</Unit>
		<Unit filename="/Users/derevyanko/univer/algo&amp;DS/linked_list/StandingsList.h">
			<Option target="DisciplinesPlaceList.h"/>
		</Unit>
		<Unit filename="/Users/derevyanko/univer/algo&amp;DS/linked_list/header.h">
			<Option target="DisciplinesPlaceList.h"/>
		</Unit>
		<Unit filename="/Users/derevyanko/univer/algo&amp;DS/linked_list/main.cpp">
			<Option target="DisciplinesPlaceList.h"/>
		</Unit>
		<Unit filename="/Users/derevyanko/univer/algo&amp;DS/linked_list/readFunctions.cpp">
			<Option target="DisciplinesPlaceList.h"/>
		</Unit>
		<Unit filename="/Users/derevyanko/univer/algo&amp;DS/linked_list/writeFunctions.cpp">
			<Option target="DisciplinesPlaceList.h"/>
		</Unit>
		<Unit filename="/Users/derevyanko/univer/algo&amp;DS/linked_list/CMakeLists.txt">
			<Option virtualFolder="CMake Files\"/>
		</Unit>
	</Project>
</CodeBlocks_project_file>
